
Microsoft Visual Studio Solution File, Format Version 12.00
Project("{FAE04EC0-301F-11D3-BF4B-00C04F79EFBC}") = "HelloWorld-WebAPI", "HelloWorld-WebAPI\HelloWorld-WebAPI.csproj", "{57F90B9D-BBD7-404F-9334-9CFCE0A953E7}"
EndProject
Global
	GlobalSection(SolutionConfigurationPlatforms) = preSolution
		Debug|Any CPU = Debug|Any CPU
		Release|Any CPU = Release|Any CPU
	EndGlobalSection
	GlobalSection(ProjectConfigurationPlatforms) = postSolution
		{57F90B9D-BBD7-404F-9334-9CFCE0A953E7}.Debug|Any CPU.ActiveCfg = Debug|Any CPU
		{57F90B9D-BBD7-404F-9334-9CFCE0A953E7}.Debug|Any CPU.Build.0 = Debug|Any CPU
		{57F90B9D-BBD7-404F-9334-9CFCE0A953E7}.Release|Any CPU.ActiveCfg = Release|Any CPU
		{57F90B9D-BBD7-404F-9334-9CFCE0A953E7}.Release|Any CPU.Build.0 = Release|Any CPU
	EndGlobalSection
EndGlobal
