
Microsoft Visual Studio Solution File, Format Version 12.00
# Visual Studio Version 17
VisualStudioVersion = 17.5.002.0
MinimumVisualStudioVersion = 10.0.40219.1
Project("{9A19103F-16F7-4668-BE54-9A1E7A4F7556}") = "HelloWorld-Console", "HelloWorld-Console.csproj", "{1D2D7EB2-DE0F-4C2B-BF31-CBFB8C74F481}"
EndProject
Global
	GlobalSection(SolutionConfigurationPlatforms) = preSolution
		Debug|Any CPU = Debug|Any CPU
		Release|Any CPU = Release|Any CPU
	EndGlobalSection
	GlobalSection(ProjectConfigurationPlatforms) = postSolution
		{1D2D7EB2-DE0F-4C2B-BF31-CBFB8C74F481}.Debug|Any CPU.ActiveCfg = Debug|Any CPU
		{1D2D7EB2-DE0F-4C2B-BF31-CBFB8C74F481}.Debug|Any CPU.Build.0 = Debug|Any CPU
		{1D2D7EB2-DE0F-4C2B-BF31-CBFB8C74F481}.Release|Any CPU.ActiveCfg = Release|Any CPU
		{1D2D7EB2-DE0F-4C2B-BF31-CBFB8C74F481}.Release|Any CPU.Build.0 = Release|Any CPU
	EndGlobalSection
	GlobalSection(SolutionProperties) = preSolution
		HideSolutionNode = FALSE
	EndGlobalSection
	GlobalSection(ExtensibilityGlobals) = postSolution
		SolutionGuid = {5FB4FF20-8F54-4EAB-86E5-2B4D8A264EFB}
	EndGlobalSection
EndGlobal
